Microsoft Visual Studio Solution File, Format Version 12.00
Project("{FAE04EC0-301F-11D3-BF4B-00C04F79EFBC}") = "Domain", "Domain\Domain.csproj", "{8E839A2D-09AE-45AA-840C-897D97AC70CA}"
EndProject
Project("{FAE04EC0-301F-11D3-BF4B-00C04F79EFBC}") = "Application", "Application\Application.csproj", "{2B6FFE0D-EEDC-45C4-AAA5-C397888EE5EE}"
EndProject
Project("{FAE04EC0-301F-11D3-BF4B-00C04F79EFBC}") = "Persistence", "Persistence\Persistence.csproj", "{1D31FC49-0A09-4312-B2A4-862AFD9D87F6}"
EndProject
Project("{FAE04EC0-301F-11D3-BF4B-00C04F79EFBC}") = "ASP.NETCoreWebApplicationWithAngular", "ASP.NETCoreWebApplicationWithAngular\ASP.NETCoreWebApplicationWithAngular.csproj", "{61E66D4A-515C-47D4-B122-86B6EBC3C08E}"
EndProject
Global
	GlobalSection(SolutionConfigurationPlatforms) = preSolution
		Debug|Any CPU = Debug|Any CPU
		Release|Any CPU = Release|Any CPU
	EndGlobalSection
	GlobalSection(ProjectConfigurationPlatforms) = postSolution
		{8E839A2D-09AE-45AA-840C-897D97AC70CA}.Debug|Any CPU.ActiveCfg = Debug|Any CPU
		{8E839A2D-09AE-45AA-840C-897D97AC70CA}.Debug|Any CPU.Build.0 = Debug|Any CPU
		{8E839A2D-09AE-45AA-840C-897D97AC70CA}.Release|Any CPU.ActiveCfg = Release|Any CPU
		{8E839A2D-09AE-45AA-840C-897D97AC70CA}.Release|Any CPU.Build.0 = Release|Any CPU
		{2B6FFE0D-EEDC-45C4-AAA5-C397888EE5EE}.Debug|Any CPU.ActiveCfg = Debug|Any CPU
		{2B6FFE0D-EEDC-45C4-AAA5-C397888EE5EE}.Debug|Any CPU.Build.0 = Debug|Any CPU
		{2B6FFE0D-EEDC-45C4-AAA5-C397888EE5EE}.Release|Any CPU.ActiveCfg = Release|Any CPU
		{2B6FFE0D-EEDC-45C4-AAA5-C397888EE5EE}.Release|Any CPU.Build.0 = Release|Any CPU
		{1D31FC49-0A09-4312-B2A4-862AFD9D87F6}.Debug|Any CPU.ActiveCfg = Debug|Any CPU
		{1D31FC49-0A09-4312-B2A4-862AFD9D87F6}.Debug|Any CPU.Build.0 = Debug|Any CPU
		{1D31FC49-0A09-4312-B2A4-862AFD9D87F6}.Release|Any CPU.ActiveCfg = Release|Any CPU
		{1D31FC49-0A09-4312-B2A4-862AFD9D87F6}.Release|Any CPU.Build.0 = Release|Any CPU
		{61E66D4A-515C-47D4-B122-86B6EBC3C08E}.Debug|Any CPU.ActiveCfg = Debug|Any CPU
		{61E66D4A-515C-47D4-B122-86B6EBC3C08E}.Debug|Any CPU.Build.0 = Debug|Any CPU
		{61E66D4A-515C-47D4-B122-86B6EBC3C08E}.Release|Any CPU.ActiveCfg = Release|Any CPU
		{61E66D4A-515C-47D4-B122-86B6EBC3C08E}.Release|Any CPU.Build.0 = Release|Any CPU
	EndGlobalSection
	GlobalSection(NestedProjects) = preSolution
	EndGlobalSection
EndGlobal
